// !$*UTF8*$!
{
	archiveVersion = 1;
	classes = {
	};
	objectVersion = 77;
	objects = {

/* Begin PBXContainerItemProxy section */
		8C0A3E062F0D7D0E00B7446E /* PBXContainerItemProxy */ = {
			isa = PBXContainerItemProxy;
			containerPortal = 8C0A3DEB2F0D7D0B00B7446E /* Project object */;
			proxyType = 1;
			remoteGlobalIDString = 8C0A3DF22F0D7D0B00B7446E;
			remoteInfo = MyAccountingBooks;
		};
		8C0A3E102F0D7D0E00B7446E /* PBXContainerItemProxy */ = {
			isa = PBXContainerItemProxy;
			containerPortal = 8C0A3DEB2F0D7D0B00B7446E /* Project object */;
			proxyType = 1;
			remoteGlobalIDString = 8C0A3DF22F0D7D0B00B7446E;
			remoteInfo = MyAccountingBooks;
		};
/* End PBXContainerItemProxy section */

/* Begin PBXFileReference section */
		8C0A3DF32F0D7D0B00B7446E /* MyAccountingBooks.app */ = {isa = PBXFileReference; explicitFileType = wrapper.application; includeInIndex = 0; path = MyAccountingBooks.app; sourceTree = BUILT_PRODUCTS_DIR; };
		8C0A3E052F0D7D0E00B7446E /* MyAccountingBooksTests.xctest */ = {isa = PBXFileReference; explicitFileType = wrapper.cfbundle; includeInIndex = 0; path = MyAccountingBooksTests.xctest; sourceTree = BUILT_PRODUCTS_DIR; };
		8C0A3E0F2F0D7D0E00B7446E /* MyAccountingBooksUITests.xctest */ = {isa = PBXFileReference; explicitFileType = wrapper.cfbundle; includeInIndex = 0; path = MyAccountingBooksUITests.xctest; sourceTree = BUILT_PRODUCTS_DIR; };
/* End PBXFileReference section */

/* Begin PBXFileSystemSynchronizedBuildFileExceptionSet section */
		8C0A3E2C2F104FEE00B7446E /* Exceptions for "MyAccountingBooks" folder in "MyAccountingBooks" target */ = {
			isa = PBXFileSystemSynchronizedBuildFileExceptionSet;
			membershipExceptions = (
				ContentView.swift_bak,
				Persistence.swift_bak,
			);
			target = 8C0A3DF22F0D7D0B00B7446E /* MyAccountingBooks */;
		};
/* End PBXFileSystemSynchronizedBuildFileExceptionSet section */

/* Begin PBXFileSystemSynchronizedGroupBuildPhaseMembershipExceptionSet section */
		8C0A3E2D2F104FEE00B7446E /* Exceptions for "MyAccountingBooks" folder in "Compile Sources" phase from "MyAccountingBooks" target */ = {
			isa = PBXFileSystemSynchronizedGroupBuildPhaseMembershipExceptionSet;
			buildPhase = 8C0A3DEF2F0D7D0B00B7446E /* Sources */;
			membershipExceptions = (
				ContentView.swift_bak,
				Persistence.swift_bak,
			);
		};
/* End PBXFileSystemSynchronizedGroupBuildPhaseMembershipExceptionSet section */

/* Begin PBXFileSystemSynchronizedRootGroup section */
		8C0A3DF52F0D7D0B00B7446E /* MyAccountingBooks */ = {
			isa = PBXFileSystemSynchronizedRootGroup;
			exceptions = (
				8C0A3E2C2F104FEE00B7446E /* Exceptions for "MyAccountingBooks" folder in "MyAccountingBooks" target */,
				8C0A3E2D2F104FEE00B7446E /* Exceptions for "MyAccountingBooks" folder in "Compile Sources" phase from "MyAccountingBooks" target */,
			);
			path = MyAccountingBooks;
			sourceTree = "<group>";
		};
		8C0A3E082F0D7D0E00B7446E /* MyAccountingBooksTests */ = {
			isa = PBXFileSystemSynchronizedRootGroup;
			path = MyAccountingBooksTests;
			sourceTree = "<group>";
		};
		8C0A3E122F0D7D0E00B7446E /* MyAccountingBooksUITests */ = {
			isa = PBXFileSystemSynchronizedRootGroup;
			path = MyAccountingBooksUITests;
			sourceTree = "<group>";
		};
/* End PBXFileSystemSynchronizedRootGroup section */

/* Begin PBXFrameworksBuildPhase section */
		8C0A3DF02F0D7D0B00B7446E /* Frameworks */ = {
			isa = PBXFrameworksBuildPhase;
			buildActionMask = 2147483647;
			files = (
			);
			runOnlyForDeploymentPostprocessing = 0;
		};
		8C0A3E022F0D7D0E00B7446E /* Frameworks */ = {
			isa = PBXFrameworksBuildPhase;
			buildActionMask = 2147483647;
			files = (
			);
			runOnlyForDeploymentPostprocessing = 0;
		};
		8C0A3E0C2F0D7D0E00B7446E /* Frameworks */ = {
			isa = PBXFrameworksBuildPhase;
			buildActionMask = 2147483647;
			files = (
			);
			runOnlyForDeploymentPostprocessing = 0;
		};
/* End PBXFrameworksBuildPhase section */

/* Begin PBXGroup section */
		8C0A3DEA2F0D7D0B00B7446E = {
			isa = PBXGroup;
			children = (
				8C0A3DF52F0D7D0B00B7446E /* MyAccountingBooks */,
				8C0A3E082F0D7D0E00B7446E /* MyAccountingBooksTests */,
				8C0A3E122F0D7D0E00B7446E /* MyAccountingBooksUITests */,
				8C0A3DF42F0D7D0B00B7446E /* Products */,
			);
			sourceTree = "<group>";
		};
		8C0A3DF42F0D7D0B00B7446E /* Products */ = {
			isa = PBXGroup;
			children = (
				8C0A3DF32F0D7D0B00B7446E /* MyAccountingBooks.app */,
				8C0A3E052F0D7D0E00B7446E /* MyAccountingBooksTests.xctest */,
				8C0A3E0F2F0D7D0E00B7446E /* MyAccountingBooksUITests.xctest */,
			);
			name = Products;
			sourceTree = "<group>";
		};
/* End PBXGroup section */

/* Begin PBXNativeTarget section */
		8C0A3DF22F0D7D0B00B7446E /* MyAccountingBooks */ = {
			isa = PBXNativeTarget;
			buildConfigurationList = 8C0A3E192F0D7D0E00B7446E /* Build configuration list for PBXNativeTarget "MyAccountingBooks" */;
			buildPhases = (
				8C0A3DEF2F0D7D0B00B7446E /* Sources */,
				8C0A3DF02F0D7D0B00B7446E /* Frameworks */,
				8C0A3DF12F0D7D0B00B7446E /* Resources */,
			);
			buildRules = (
			);
			dependencies = (
			);
			fileSystemSynchronizedGroups = (
				8C0A3DF52F0D7D0B00B7446E /* MyAccountingBooks */,
			);
			name = MyAccountingBooks;
			packageProductDependencies = (
			);
			productName = MyAccountingBooks;
			productReference = 8C0A3DF32F0D7D0B00B7446E /* MyAccountingBooks.app */;
			productType = "com.apple.product-type.application";
		};
		8C0A3E042F0D7D0E00B7446E /* MyAccountingBooksTests */ = {
			isa = PBXNativeTarget;
			buildConfigurationList = 8C0A3E1C2F0D7D0E00B7446E /* Build configuration list for PBXNativeTarget "MyAccountingBooksTests" */;
			buildPhases = (
				8C0A3E012F0D7D0E00B7446E /* Sources */,
				8C0A3E022F0D7D0E00B7446E /* Frameworks */,
				8C0A3E032F0D7D0E00B7446E /* Resources */,
			);
			buildRules = (
			);
			dependencies = (
				8C0A3E072F0D7D0E00B7446E /* PBXTargetDependency */,
			);
			fileSystemSynchronizedGroups = (
				8C0A3E082F0D7D0E00B7446E /* MyAccountingBooksTests */,
			);
			name = MyAccountingBooksTests;
			packageProductDependencies = (
			);
			productName = MyAccountingBooksTests;
			productReference = 8C0A3E052F0D7D0E00B7446E /* MyAccountingBooksTests.xctest */;
			productType = "com.apple.product-type.bundle.unit-test";
		};
		8C0A3E0E2F0D7D0E00B7446E /* MyAccountingBooksUITests */ = {
			isa = PBXNativeTarget;
			buildConfigurationList = 8C0A3E1F2F0D7D0E00B7446E /* Build configuration list for PBXNativeTarget "MyAccountingBooksUITests" */;
			buildPhases = (
				8C0A3E0B2F0D7D0E00B7446E /* Sources */,
				8C0A3E0C2F0D7D0E00B7446E /* Frameworks */,
				8C0A3E0D2F0D7D0E00B7446E /* Resources */,
			);
			buildRules = (
			);
			dependencies = (
				8C0A3E112F0D7D0E00B7446E /* PBXTargetDependency */,
			);
			fileSystemSynchronizedGroups = (
				8C0A3E122F0D7D0E00B7446E /* MyAccountingBooksUITests */,
			);
			name = MyAccountingBooksUITests;
			packageProductDependencies = (
			);
			productName = MyAccountingBooksUITests;
			productReference = 8C0A3E0F2F0D7D0E00B7446E /* MyAccountingBooksUITests.xctest */;
			productType = "com.apple.product-type.bundle.ui-testing";
		};
/* End PBXNativeTarget section */

/* Begin PBXProject section */
		8C0A3DEB2F0D7D0B00B7446E /* Project object */ = {
			isa = PBXProject;
			attributes = {
				BuildIndependentTargetsInParallel = 1;
				LastSwiftUpdateCheck = 2620;
				LastUpgradeCheck = 2620;
				TargetAttributes = {
					8C0A3DF22F0D7D0B00B7446E = {
						CreatedOnToolsVersion = 26.2;
					};
					8C0A3E042F0D7D0E00B7446E = {
						CreatedOnToolsVersion = 26.2;
						TestTargetID = 8C0A3DF22F0D7D0B00B7446E;
					};
					8C0A3E0E2F0D7D0E00B7446E = {
						CreatedOnToolsVersion = 26.2;
						TestTargetID = 8C0A3DF22F0D7D0B00B7446E;
					};
				};
			};
			buildConfigurationList = 8C0A3DEE2F0D7D0B00B7446E /* Build configuration list for PBXProject "MyAccountingBooks" */;
			developmentRegion = en;
			hasScannedForEncodings = 0;
			knownRegions = (
				en,
				Base,
			);
			mainGroup = 8C0A3DEA2F0D7D0B00B7446E;
			minimizedProjectReferenceProxies = 1;
			preferredProjectObjectVersion = 77;
			productRefGroup = 8C0A3DF42F0D7D0B00B7446E /* Products */;
			projectDirPath = "";
			projectRoot = "";
			targets = (
				8C0A3DF22F0D7D0B00B7446E /* MyAccountingBooks */,
				8C0A3E042F0D7D0E00B7446E /* MyAccountingBooksTests */,
				8C0A3E0E2F0D7D0E00B7446E /* MyAccountingBooksUITests */,
			);
		};
/* End PBXProject section */

/* Begin PBXResourcesBuildPhase section */
		8C0A3DF12F0D7D0B00B7446E /* Resources */ = {
			isa = PBXResourcesBuildPhase;
			buildActionMask = 2147483647;
			files = (
			);
			runOnlyForDeploymentPostprocessing = 0;
		};
		8C0A3E032F0D7D0E00B7446E /* Resources */ = {
			isa = PBXResourcesBuildPhase;
			buildActionMask = 2147483647;
			files = (
			);
			runOnlyForDeploymentPostprocessing = 0;
		};
		8C0A3E0D2F0D7D0E00B7446E /* Resources */ = {
			isa = PBXResourcesBuildPhase;
			buildActionMask = 2147483647;
			files = (
			);
			runOnlyForDeploymentPostprocessing = 0;
		};
/* End PBXResourcesBuildPhase section */

/* Begin PBXSourcesBuildPhase section */
		8C0A3DEF2F0D7D0B00B7446E /* Sources */ = {
			isa = PBXSourcesBuildPhase;
			buildActionMask = 2147483647;
			files = (
			);
			runOnlyForDeploymentPostprocessing = 0;
		};
		8C0A3E012F0D7D0E00B7446E /* Sources */ = {
			isa = PBXSourcesBuildPhase;
			buildActionMask = 2147483647;
			files = (
			);
			runOnlyForDeploymentPostprocessing = 0;
		};
		8C0A3E0B2F0D7D0E00B7446E /* Sources */ = {
			isa = PBXSourcesBuildPhase;
			buildActionMask = 2147483647;
			files = (
			);
			runOnlyForDeploymentPostprocessing = 0;
		};
/* End PBXSourcesBuildPhase section */

/* Begin PBXTargetDependency section */
		8C0A3E072F0D7D0E00B7446E /* PBXTargetDependency */ = {
			isa = PBXTargetDependency;
			target = 8C0A3DF22F0D7D0B00B7446E /* MyAccountingBooks */;
			targetProxy = 8C0A3E062F0D7D0E00B7446E /* PBXContainerItemProxy */;
		};
		8C0A3E112F0D7D0E00B7446E /* PBXTargetDependency */ = {
			isa = PBXTargetDependency;
			target = 8C0A3DF22F0D7D0B00B7446E /* MyAccountingBooks */;
			targetProxy = 8C0A3E102F0D7D0E00B7446E /* PBXContainerItemProxy */;
		};
/* End PBXTargetDependency section */

/* Begin XCBuildConfiguration section */
		8C0A3E172F0D7D0E00B7446E /* Debug */ = {
			isa = XCBuildConfiguration;
			buildSettings = {
				ALWAYS_SEARCH_USER_PATHS = NO;
				ASSETCATALOG_COMPILER_GENERATE_SWIFT_ASSET_SYMBOL_EXTENSIONS = YES;
				CLANG_ANALYZER_NONNULL = YES;
				CLANG_ANALYZER_NUMBER_OBJECT_CONVERSION = YES_AGGRESSIVE;
				CLANG_CXX_LANGUAGE_STANDARD = "gnu++20";
				CLANG_ENABLE_MODULES = YES;
				CLANG_ENABLE_OBJC_ARC = YES;
				CLANG_ENABLE_OBJC_WEAK = YES;
				CLANG_WARN_BLOCK_CAPTURE_AUTORELEASING = YES;
				CLANG_WARN_BOOL_CONVERSION = YES;
				CLANG_WARN_COMMA = YES;
				CLANG_WARN_CONSTANT_CONVERSION = YES;
				CLANG_WARN_DEPRECATED_OBJC_IMPLEMENTATIONS = YES;
				CLANG_WARN_DIRECT_OBJC_ISA_USAGE = YES_ERROR;
				CLANG_WARN_DOCUMENTATION_COMMENTS = YES;
				CLANG_WARN_EMPTY_BODY = YES;
				CLANG_WARN_ENUM_CONVERSION = YES;
				CLANG_WARN_INFINITE_RECURSION = YES;
				CLANG_WARN_INT_CONVERSION = YES;
				CLANG_WARN_NON_LITERAL_NULL_CONVERSION = YES;
				CLANG_WARN_OBJC_IMPLICIT_RETAIN_SELF = YES;
				CLANG_WARN_OBJC_LITERAL_CONVERSION = YES;
				CLANG_WARN_OBJC_ROOT_CLASS = YES_ERROR;
				CLANG_WARN_QUOTED_INCLUDE_IN_FRAMEWORK_HEADER = YES;
				CLANG_WARN_RANGE_LOOP_ANALYSIS = YES;
				CLANG_WARN_STRICT_PROTOTYPES = YES;
				CLANG_WARN_SUSPICIOUS_MOVE = YES;
				CLANG_WARN_UNGUARDED_AVAILABILITY = YES_AGGRESSIVE;
				CLANG_WARN_UNREACHABLE_CODE = YES;
				CLANG_WARN__DUPLICATE_METHOD_MATCH = YES;
				COPY_PHASE_STRIP = NO;
				DEBUG_INFORMATION_FORMAT = dwarf;
				DEVELOPMENT_TEAM = F555W6N6Y4;
				ENABLE_STRICT_OBJC_MSGSEND = YES;
				ENABLE_TESTABILITY = YES;
				ENABLE_USER_SCRIPT_SANDBOXING = YES;
				GCC_C_LANGUAGE_STANDARD = gnu17;
				GCC_DYNAMIC_NO_PIC = NO;
				GCC_NO_COMMON_BLOCKS = YES;
				GCC_OPTIMIZATION_LEVEL = 0;
				GCC_PREPROCESSOR_DEFINITIONS = (
					"DEBUG=1",
					"$(inherited)",
				);
				GCC_WARN_64_TO_32_BIT_CONVERSION = YES;
				GCC_WARN_ABOUT_RETURN_TYPE = YES_ERROR;
				GCC_WARN_UNDECLARED_SELECTOR = YES;
				GCC_WARN_UNINITIALIZED_AUTOS = YES_AGGRESSIVE;
				GCC_WARN_UNUSED_FUNCTION = YES;
				GCC_WARN_UNUSED_VARIABLE = YES;
				LOCALIZATION_PREFERS_STRING_CATALOGS = YES;
				MACOSX_DEPLOYMENT_TARGET = 26.2;
				MTL_ENABLE_DEBUG_INFO = INCLUDE_SOURCE;
				MTL_FAST_MATH = YES;
				ONLY_ACTIVE_ARCH = YES;
				SDKROOT = macosx;
				SWIFT_ACTIVE_COMPILATION_CONDITIONS = "DEBUG $(inherited)";
				SWIFT_OPTIMIZATION_LEVEL = "-Onone";
			};
			name = Debug;
		};
		8C0A3E182F0D7D0E00B7446E /* Release */ = {
			isa = XCBuildConfiguration;
			buildSettings = {
				ALWAYS_SEARCH_USER_PATHS = NO;
				ASSETCATALOG_COMPILER_GENERATE_SWIFT_ASSET_SYMBOL_EXTENSIONS = YES;
				CLANG_ANALYZER_NONNULL = YES;
				CLANG_ANALYZER_NUMBER_OBJECT_CONVERSION = YES_AGGRESSIVE;
				CLANG_CXX_LANGUAGE_STANDARD = "gnu++20";
				CLANG_ENABLE_MODULES = YES;
				CLANG_ENABLE_OBJC_ARC = YES;
				CLANG_ENABLE_OBJC_WEAK = YES;
				CLANG_WARN_BLOCK_CAPTURE_AUTORELEASING = YES;
				CLANG_WARN_BOOL_CONVERSION = YES;
				CLANG_WARN_COMMA = YES;
				CLANG_WARN_CONSTANT_CONVERSION = YES;
				CLANG_WARN_DEPRECATED_OBJC_IMPLEMENTATIONS = YES;
				CLANG_WARN_DIRECT_OBJC_ISA_USAGE = YES_ERROR;
				CLANG_WARN_DOCUMENTATION_COMMENTS = YES;
				CLANG_WARN_EMPTY_BODY = YES;
				CLANG_WARN_ENUM_CONVERSION = YES;
				CLANG_WARN_INFINITE_RECURSION = YES;
				CLANG_WARN_INT_CONVERSION = YES;
				CLANG_WARN_NON_LITERAL_NULL_CONVERSION = YES;
				CLANG_WARN_OBJC_IMPLICIT_RETAIN_SELF = YES;
				CLANG_WARN_OBJC_LITERAL_CONVERSION = YES;
				CLANG_WARN_OBJC_ROOT_CLASS = YES_ERROR;
				CLANG_WARN_QUOTED_INCLUDE_IN_FRAMEWORK_HEADER = YES;
				CLANG_WARN_RANGE_LOOP_ANALYSIS = YES;
				CLANG_WARN_STRICT_PROTOTYPES = YES;
				CLANG_WARN_SUSPICIOUS_MOVE = YES;
				CLANG_WARN_UNGUARDED_AVAILABILITY = YES_AGGRESSIVE;
				CLANG_WARN_UNREACHABLE_CODE = YES;
				CLANG_WARN__DUPLICATE_METHOD_MATCH = YES;
				COPY_PHASE_STRIP = NO;
				DEBUG_INFORMATION_FORMAT = "dwarf-with-dsym";
				DEVELOPMENT_TEAM = F555W6N6Y4;
				ENABLE_NS_ASSERTIONS = NO;
				ENABLE_STRICT_OBJC_MSGSEND = YES;
				ENABLE_USER_SCRIPT_SANDBOXING = YES;
				GCC_C_LANGUAGE_STANDARD = gnu17;
				GCC_NO_COMMON_BLOCKS = YES;
				GCC_WARN_64_TO_32_BIT_CONVERSION = YES;
				GCC_WARN_ABOUT_RETURN_TYPE = YES_ERROR;
				GCC_WARN_UNDECLARED_SELECTOR = YES;
				GCC_WARN_UNINITIALIZED_AUTOS = YES_AGGRESSIVE;
				GCC_WARN_UNUSED_FUNCTION = YES;
				GCC_WARN_UNUSED_VARIABLE = YES;
				LOCALIZATION_PREFERS_STRING_CATALOGS = YES;
				MACOSX_DEPLOYMENT_TARGET = 26.2;
				MTL_ENABLE_DEBUG_INFO = NO;
				MTL_FAST_MATH = YES;
				SDKROOT = macosx;
				SWIFT_COMPILATION_MODE = wholemodule;
			};
			name = Release;
		};
		8C0A3E1A2F0D7D0E00B7446E /* Debug */ = {
			isa = XCBuildConfiguration;
			buildSettings = {
				ASSETCATALOG_COMPILER_APPICON_NAME = AppIcon;
				ASSETCATALOG_COMPILER_GLOBAL_ACCENT_COLOR_NAME = AccentColor;
				CODE_SIGN_ENTITLEMENTS = MyAccountingBooks/MyAccountingBooks.entitlements;
				CODE_SIGN_STYLE = Automatic;
				COMBINE_HIDPI_IMAGES = YES;
				CURRENT_PROJECT_VERSION = 1;
				DEVELOPMENT_TEAM = F555W6N6Y4;
				ENABLE_APP_SANDBOX = YES;
				ENABLE_HARDENED_RUNTIME = YES;
				ENABLE_INCOMING_NETWORK_CONNECTIONS = NO;
				ENABLE_OUTGOING_NETWORK_CONNECTIONS = YES;
				ENABLE_PREVIEWS = YES;
				ENABLE_RESOURCE_ACCESS_AUDIO_INPUT = NO;
				ENABLE_RESOURCE_ACCESS_BLUETOOTH = NO;
				ENABLE_RESOURCE_ACCESS_CALENDARS = NO;
				ENABLE_RESOURCE_ACCESS_CAMERA = NO;
				ENABLE_RESOURCE_ACCESS_CONTACTS = NO;
				ENABLE_RESOURCE_ACCESS_LOCATION = NO;
				ENABLE_RESOURCE_ACCESS_PRINTING = NO;
				ENABLE_RESOURCE_ACCESS_USB = NO;
				ENABLE_USER_SELECTED_FILES = readonly;
				GENERATE_INFOPLIST_FILE = YES;
				INFOPLIST_KEY_NSHumanReadableCopyright = "";
				LD_RUNPATH_SEARCH_PATHS = (
					"$(inherited)",
					"@executable_path/../Frameworks",
				);
				MARKETING_VERSION = 1.0;
				PRODUCT_BUNDLE_IDENTIFIER = com.leonguevara.MyAccountingBooks;
				PRODUCT_NAME = "$(TARGET_NAME)";
				REGISTER_APP_GROUPS = YES;
				STRING_CATALOG_GENERATE_SYMBOLS = YES;
				SWIFT_APPROACHABLE_CONCURRENCY = YES;
				SWIFT_DEFAULT_ACTOR_ISOLATION = MainActor;
				SWIFT_EMIT_LOC_STRINGS = YES;
				SWIFT_UPCOMING_FEATURE_MEMBER_IMPORT_VISIBILITY = YES;
				SWIFT_VERSION = 5.0;
			};
			name = Debug;
		};
		8C0A3E1B2F0D7D0E00B7446E /* Release */ = {
			isa = XCBuildConfiguration;
			buildSettings = {
				ASSETCATALOG_COMPILER_APPICON_NAME = AppIcon;
				ASSETCATALOG_COMPILER_GLOBAL_ACCENT_COLOR_NAME = AccentColor;
				CODE_SIGN_ENTITLEMENTS = MyAccountingBooks/MyAccountingBooks.entitlements;
				CODE_SIGN_STYLE = Automatic;
				COMBINE_HIDPI_IMAGES = YES;
				CURRENT_PROJECT_VERSION = 1;
				DEVELOPMENT_TEAM = F555W6N6Y4;
				ENABLE_APP_SANDBOX = YES;
				ENABLE_HARDENED_RUNTIME = YES;
				ENABLE_INCOMING_NETWORK_CONNECTIONS = NO;
				ENABLE_OUTGOING_NETWORK_CONNECTIONS = YES;
				ENABLE_PREVIEWS = YES;
				ENABLE_RESOURCE_ACCESS_AUDIO_INPUT = NO;
				ENABLE_RESOURCE_ACCESS_BLUETOOTH = NO;
				ENABLE_RESOURCE_ACCESS_CALENDARS = NO;
				ENABLE_RESOURCE_ACCESS_CAMERA = NO;
				ENABLE_RESOURCE_ACCESS_CONTACTS = NO;
				ENABLE_RESOURCE_ACCESS_LOCATION = NO;
				ENABLE_RESOURCE_ACCESS_PRINTING = NO;
				ENABLE_RESOURCE_ACCESS_USB = NO;
				ENABLE_USER_SELECTED_FILES = readonly;
				GENERATE_INFOPLIST_FILE = YES;
				INFOPLIST_KEY_NSHumanReadableCopyright = "";
				LD_RUNPATH_SEARCH_PATHS = (
					"$(inherited)",
					"@executable_path/../Frameworks",
				);
				MARKETING_VERSION = 1.0;
				PRODUCT_BUNDLE_IDENTIFIER = com.leonguevara.MyAccountingBooks;
				PRODUCT_NAME = "$(TARGET_NAME)";
				REGISTER_APP_GROUPS = YES;
				STRING_CATALOG_GENERATE_SYMBOLS = YES;
				SWIFT_APPROACHABLE_CONCURRENCY = YES;
				SWIFT_DEFAULT_ACTOR_ISOLATION = MainActor;
				SWIFT_EMIT_LOC_STRINGS = YES;
				SWIFT_UPCOMING_FEATURE_MEMBER_IMPORT_VISIBILITY = YES;
				SWIFT_VERSION = 5.0;
			};
			name = Release;
		};
		8C0A3E1D2F0D7D0E00B7446E /* Debug */ = {
			isa = XCBuildConfiguration;
			buildSettings = {
				BUNDLE_LOADER = "$(TEST_HOST)";
				CODE_SIGN_STYLE = Automatic;
				CURRENT_PROJECT_VERSION = 1;
				DEVELOPMENT_TEAM = F555W6N6Y4;
				GENERATE_INFOPLIST_FILE = YES;
				MACOSX_DEPLOYMENT_TARGET = 26.2;
				MARKETING_VERSION = 1.0;
				PRODUCT_BUNDLE_IDENTIFIER = com.leonguevara.MyAccountingBooksTests;
				PRODUCT_NAME = "$(TARGET_NAME)";
				STRING_CATALOG_GENERATE_SYMBOLS = NO;
				SWIFT_APPROACHABLE_CONCURRENCY = YES;
				SWIFT_EMIT_LOC_STRINGS = NO;
				SWIFT_UPCOMING_FEATURE_MEMBER_IMPORT_VISIBILITY = YES;
				SWIFT_VERSION = 5.0;
				TEST_HOST = "$(BUILT_PRODUCTS_DIR)/MyAccountingBooks.app/$(BUNDLE_EXECUTABLE_FOLDER_PATH)/MyAccountingBooks";
			};
			name = Debug;
		};
		8C0A3E1E2F0D7D0E00B7446E /* Release */ = {
			isa = XCBuildConfiguration;
			buildSettings = {
				BUNDLE_LOADER = "$(TEST_HOST)";
				CODE_SIGN_STYLE = Automatic;
				CURRENT_PROJECT_VERSION = 1;
				DEVELOPMENT_TEAM = F555W6N6Y4;
				GENERATE_INFOPLIST_FILE = YES;
				MACOSX_DEPLOYMENT_TARGET = 26.2;
				MARKETING_VERSION = 1.0;
				PRODUCT_BUNDLE_IDENTIFIER = com.leonguevara.MyAccountingBooksTests;
				PRODUCT_NAME = "$(TARGET_NAME)";
				STRING_CATALOG_GENERATE_SYMBOLS = NO;
				SWIFT_APPROACHABLE_CONCURRENCY = YES;
				SWIFT_EMIT_LOC_STRINGS = NO;
				SWIFT_UPCOMING_FEATURE_MEMBER_IMPORT_VISIBILITY = YES;
				SWIFT_VERSION = 5.0;
				TEST_HOST = "$(BUILT_PRODUCTS_DIR)/MyAccountingBooks.app/$(BUNDLE_EXECUTABLE_FOLDER_PATH)/MyAccountingBooks";
			};
			name = Release;
		};
		8C0A3E202F0D7D0E00B7446E /* Debug */ = {
			isa = XCBuildConfiguration;
			buildSettings = {
				CODE_SIGN_STYLE = Automatic;
				CURRENT_PROJECT_VERSION = 1;
				DEVELOPMENT_TEAM = F555W6N6Y4;
				GENERATE_INFOPLIST_FILE = YES;
				MARKETING_VERSION = 1.0;
				PRODUCT_BUNDLE_IDENTIFIER = com.leonguevara.MyAccountingBooksUITests;
				PRODUCT_NAME = "$(TARGET_NAME)";
				STRING_CATALOG_GENERATE_SYMBOLS = NO;
				SWIFT_APPROACHABLE_CONCURRENCY = YES;
				SWIFT_EMIT_LOC_STRINGS = NO;
				SWIFT_UPCOMING_FEATURE_MEMBER_IMPORT_VISIBILITY = YES;
				SWIFT_VERSION = 5.0;
				TEST_TARGET_NAME = MyAccountingBooks;
			};
			name = Debug;
		};
		8C0A3E212F0D7D0E00B7446E /* Release */ = {
			isa = XCBuildConfiguration;
			buildSettings = {
				CODE_SIGN_STYLE = Automatic;
				CURRENT_PROJECT_VERSION = 1;
				DEVELOPMENT_TEAM = F555W6N6Y4;
				GENERATE_INFOPLIST_FILE = YES;
				MARKETING_VERSION = 1.0;
				PRODUCT_BUNDLE_IDENTIFIER = com.leonguevara.MyAccountingBooksUITests;
				PRODUCT_NAME = "$(TARGET_NAME)";
				STRING_CATALOG_GENERATE_SYMBOLS = NO;
				SWIFT_APPROACHABLE_CONCURRENCY = YES;
				SWIFT_EMIT_LOC_STRINGS = NO;
				SWIFT_UPCOMING_FEATURE_MEMBER_IMPORT_VISIBILITY = YES;
				SWIFT_VERSION = 5.0;
				TEST_TARGET_NAME = MyAccountingBooks;
			};
			name = Release;
		};
/* End XCBuildConfiguration section */

/* Begin XCConfigurationList section */
		8C0A3DEE2F0D7D0B00B7446E /* Build configuration list for PBXProject "MyAccountingBooks" */ = {
			isa = XCConfigurationList;
			buildConfigurations = (
				8C0A3E172F0D7D0E00B7446E /* Debug */,
				8C0A3E182F0D7D0E00B7446E /* Release */,
			);
			defaultConfigurationIsVisible = 0;
			defaultConfigurationName = Release;
		};
		8C0A3E192F0D7D0E00B7446E /* Build configuration list for PBXNativeTarget "MyAccountingBooks" */ = {
			isa = XCConfigurationList;
			buildConfigurations = (
				8C0A3E1A2F0D7D0E00B7446E /* Debug */,
				8C0A3E1B2F0D7D0E00B7446E /* Release */,
			);
			defaultConfigurationIsVisible = 0;
			defaultConfigurationName = Release;
		};
		8C0A3E1C2F0D7D0E00B7446E /* Build configuration list for PBXNativeTarget "MyAccountingBooksTests" */ = {
			isa = XCConfigurationList;
			buildConfigurations = (
				8C0A3E1D2F0D7D0E00B7446E /* Debug */,
				8C0A3E1E2F0D7D0E00B7446E /* Release */,
			);
			defaultConfigurationIsVisible = 0;
			defaultConfigurationName = Release;
		};
		8C0A3E1F2F0D7D0E00B7446E /* Build configuration list for PBXNativeTarget "MyAccountingBooksUITests" */ = {
			isa = XCConfigurationList;
			buildConfigurations = (
				8C0A3E202F0D7D0E00B7446E /* Debug */,
				8C0A3E212F0D7D0E00B7446E /* Release */,
			);
			defaultConfigurationIsVisible = 0;
			defaultConfigurationName = Release;
		};
/* End XCConfigurationList section */
	};
	rootObject = 8C0A3DEB2F0D7D0B00B7446E /* Project object */;
}
